{
  "nodes": {
    "nixpkgs": {
      "locked": {
        "lastModified": 1666275482,
        "narHash": "sha256-P5cxOmp1Yi2miEDLQas8GLQQ4W54zYgHd2frvs+lERQ=",
        "owner": "NixOS",
        "repo": "nixpkgs",
        "rev": "d639b2dfacdb3464faa11936a8c751ea3ff57775",
        "type": "github"
      },
      "original": {
        "id": "nixpkgs",
        "rev": "d639b2dfacdb3464faa11936a8c751ea3ff57775",
        "type": "indirect"
      }
    },
    "root": {
      "inputs": {
        "textapp-pkgs": "textapp-pkgs"
      }
    },
    "textapp-pkgs": {
      "inputs": {
        "nixpkgs": "nixpkgs"
      },
      "locked": {
        "lastModified": 1666310164,
        "narHash": "sha256-TjqjeFHm8+cmM/kEn4mdp6iyLdIyQ+C2i8GcXRkz7Zo=",
        "ref": "refs/heads/master",
        "rev": "25b6eb8c4c73a7541a0b62046c976de601abe057",
        "revCount": 132,
        "type": "git",
        "url": "ssh://git@tsa04.isa.ru/textapp/textapp-pkgs"
      },
      "original": {
        "type": "git",
        "url": "ssh://git@tsa04.isa.ru/textapp/textapp-pkgs"
      }
    }
  },
  "root": "root",
  "version": 7
}
